
Microsoft Visual Studio Solution File, Format Version 12.00
# Visual Studio Version 16
VisualStudioVersion = 16.0.29215.179
MinimumVisualStudioVersion = 10.0.40219.1
Project("{8BC9CEB8-8B4A-11D0-8D11-00A0C91BC942}") = "Project1", "Project1\Project1.vcxproj", "{503C3740-B307-4694-AA9A-6E102887E4BD}"
EndProject
Global
	GlobalSection(SolutionConfigurationPlatforms) = preSolution
		Debug|x64 = Debug|x64
		Debug|x86 = Debug|x86
		Release|x64 = Release|x64
		Release|x86 = Release|x86
	EndGlobalSection
	GlobalSection(ProjectConfigurationPlatforms) = postSolution
		{503C3740-B307-4694-AA9A-6E102887E4BD}.Debug|x64.ActiveCfg = Debug|x64
		{503C3740-B307-4694-AA9A-6E102887E4BD}.Debug|x64.Build.0 = Debug|x64
		{503C3740-B307-4694-AA9A-6E102887E4BD}.Debug|x86.ActiveCfg = Debug|Win32
		{503C3740-B307-4694-AA9A-6E102887E4BD}.Debug|x86.Build.0 = Debug|Win32
		{503C3740-B307-4694-AA9A-6E102887E4BD}.Release|x64.ActiveCfg = Release|x64
		{503C3740-B307-4694-AA9A-6E102887E4BD}.Release|x64.Build.0 = Release|x64
		{503C3740-B307-4694-AA9A-6E102887E4BD}.Release|x86.ActiveCfg = Release|Win32
		{503C3740-B307-4694-AA9A-6E102887E4BD}.Release|x86.Build.0 = Release|Win32
	EndGlobalSection
	GlobalSection(SolutionProperties) = preSolution
		HideSolutionNode = FALSE
	EndGlobalSection
	GlobalSection(ExtensibilityGlobals) = postSolution
		SolutionGuid = {27E3F9C4-0668-4C4E-B78D-EB38731BAB20}
	EndGlobalSection
EndGlobal
